
Microsoft Visual Studio Solution File, Format Version 12.00
# Visual Studio Version 17
VisualStudioVersion = 17.6.33829.357
MinimumVisualStudioVersion = 10.0.40219.1
Project("{FAE04EC0-301F-11D3-BF4B-00C04F79EFBC}") = "ConexionAPIRickYMorty", "ConexionAPIRickYMorty.csproj", "{53BC9AC6-77AE-451E-895D-7825B153B6BD}"
EndProject
Global
	GlobalSection(SolutionConfigurationPlatforms) = preSolution
		Debug|Any CPU = Debug|Any CPU
		Release|Any CPU = Release|Any CPU
	EndGlobalSection
	GlobalSection(ProjectConfigurationPlatforms) = postSolution
		{53BC9AC6-77AE-451E-895D-7825B153B6BD}.Debug|Any CPU.ActiveCfg = Debug|Any CPU
		{53BC9AC6-77AE-451E-895D-7825B153B6BD}.Debug|Any CPU.Build.0 = Debug|Any CPU
		{53BC9AC6-77AE-451E-895D-7825B153B6BD}.Release|Any CPU.ActiveCfg = Release|Any CPU
		{53BC9AC6-77AE-451E-895D-7825B153B6BD}.Release|Any CPU.Build.0 = Release|Any CPU
	EndGlobalSection
	GlobalSection(SolutionProperties) = preSolution
		HideSolutionNode = FALSE
	EndGlobalSection
	GlobalSection(ExtensibilityGlobals) = postSolution
		SolutionGuid = {3CC9BCD7-B466-4AFB-896D-611BBB4D27D2}
	EndGlobalSection
EndGlobal
